
Microsoft Visual Studio Solution File, Format Version 12.00
# Visual Studio Version 17
VisualStudioVersion = 17.0.31903.59
MinimumVisualStudioVersion = 10.0.40219.1
Project("{2150E333-8FDC-42A3-9474-1A3956D46DE8}") = "src", "src", "{2F9CEB2B-7FEB-4868-BFB2-8CD70F9EF3C4}"
EndProject
Project("{FAE04EC0-301F-11D3-BF4B-00C04F79EFBC}") = "SonicBoost", "src\SonicBoost\SonicBoost.csproj", "{BBE72690-0B42-451E-A583-450070DBD0CC}"
EndProject
Project("{FAE04EC0-301F-11D3-BF4B-00C04F79EFBC}") = "SonicBoost.Core", "src\SonicBoost.Core\SonicBoost.Core.csproj", "{45109A00-FAAA-4313-8788-D66DB5560278}"
EndProject
Global
	GlobalSection(SolutionConfigurationPlatforms) = preSolution
		Debug|Any CPU = Debug|Any CPU
		Release|Any CPU = Release|Any CPU
	EndGlobalSection
	GlobalSection(SolutionProperties) = preSolution
		HideSolutionNode = FALSE
	EndGlobalSection
	GlobalSection(ProjectConfigurationPlatforms) = postSolution
		{BBE72690-0B42-451E-A583-450070DBD0CC}.Debug|Any CPU.ActiveCfg = Debug|Any CPU
		{BBE72690-0B42-451E-A583-450070DBD0CC}.Debug|Any CPU.Build.0 = Debug|Any CPU
		{BBE72690-0B42-451E-A583-450070DBD0CC}.Release|Any CPU.ActiveCfg = Release|Any CPU
		{BBE72690-0B42-451E-A583-450070DBD0CC}.Release|Any CPU.Build.0 = Release|Any CPU
		{45109A00-FAAA-4313-8788-D66DB5560278}.Debug|Any CPU.ActiveCfg = Debug|Any CPU
		{45109A00-FAAA-4313-8788-D66DB5560278}.Debug|Any CPU.Build.0 = Debug|Any CPU
		{45109A00-FAAA-4313-8788-D66DB5560278}.Release|Any CPU.ActiveCfg = Release|Any CPU
		{45109A00-FAAA-4313-8788-D66DB5560278}.Release|Any CPU.Build.0 = Release|Any CPU
	EndGlobalSection
	GlobalSection(NestedProjects) = preSolution
		{BBE72690-0B42-451E-A583-450070DBD0CC} = {2F9CEB2B-7FEB-4868-BFB2-8CD70F9EF3C4}
		{45109A00-FAAA-4313-8788-D66DB5560278} = {2F9CEB2B-7FEB-4868-BFB2-8CD70F9EF3C4}
	EndGlobalSection
EndGlobal
